
Microsoft Visual Studio Solution File, Format Version 12.00
# Visual Studio Version 17
VisualStudioVersion = 17.4.33213.308
MinimumVisualStudioVersion = 10.0.40219.1
Project("{FAE04EC0-301F-11D3-BF4B-00C04F79EFBC}") = "ProjectVetClinic", "ProjectVetClinic.csproj", "{119605A4-AF5D-4BB9-AE68-AAC5FA442FB4}"
EndProject
Global
	GlobalSection(SolutionConfigurationPlatforms) = preSolution
		Debug|Any CPU = Debug|Any CPU
		Release|Any CPU = Release|Any CPU
	EndGlobalSection
	GlobalSection(ProjectConfigurationPlatforms) = postSolution
		{119605A4-AF5D-4BB9-AE68-AAC5FA442FB4}.Debug|Any CPU.ActiveCfg = Debug|Any CPU
		{119605A4-AF5D-4BB9-AE68-AAC5FA442FB4}.Debug|Any CPU.Build.0 = Debug|Any CPU
		{119605A4-AF5D-4BB9-AE68-AAC5FA442FB4}.Release|Any CPU.ActiveCfg = Release|Any CPU
		{119605A4-AF5D-4BB9-AE68-AAC5FA442FB4}.Release|Any CPU.Build.0 = Release|Any CPU
	EndGlobalSection
	GlobalSection(SolutionProperties) = preSolution
		HideSolutionNode = FALSE
	EndGlobalSection
	GlobalSection(ExtensibilityGlobals) = postSolution
		SolutionGuid = {8FA61E41-3E18-49DA-8FCD-2EE172E5CA0D}
	EndGlobalSection
EndGlobal
