
Microsoft Visual Studio Solution File, Format Version 12.00
# Visual Studio Version 17
VisualStudioVersion = 17.11.35312.102
MinimumVisualStudioVersion = 10.0.40219.1
Project("{FAE04EC0-301F-11D3-BF4B-00C04F79EFBC}") = "Vet Clinic", "Vet Clinic.csproj", "{FC25149B-B382-4DC9-B3AA-92AEDB633006}"
EndProject
Global
	GlobalSection(SolutionConfigurationPlatforms) = preSolution
		Debug|Any CPU = Debug|Any CPU
		Release|Any CPU = Release|Any CPU
	EndGlobalSection
	GlobalSection(ProjectConfigurationPlatforms) = postSolution
		{FC25149B-B382-4DC9-B3AA-92AEDB633006}.Debug|Any CPU.ActiveCfg = Debug|Any CPU
		{FC25149B-B382-4DC9-B3AA-92AEDB633006}.Debug|Any CPU.Build.0 = Debug|Any CPU
		{FC25149B-B382-4DC9-B3AA-92AEDB633006}.Release|Any CPU.ActiveCfg = Release|Any CPU
		{FC25149B-B382-4DC9-B3AA-92AEDB633006}.Release|Any CPU.Build.0 = Release|Any CPU
	EndGlobalSection
	GlobalSection(SolutionProperties) = preSolution
		HideSolutionNode = FALSE
	EndGlobalSection
	GlobalSection(ExtensibilityGlobals) = postSolution
		SolutionGuid = {EBEE0232-3A17-47AE-B277-F88D0A47D9B2}
	EndGlobalSection
EndGlobal
